
Microsoft Visual Studio Solution File, Format Version 12.00
# Visual Studio 15
VisualStudioVersion = 15.0.26228.9
MinimumVisualStudioVersion = 10.0.40219.1
Project("{FAE04EC0-301F-11D3-BF4B-00C04F79EFBC}") = "DeskPod.Web", "DeskPod.Web\DeskPod.Web.csproj", "{056FC7E1-2865-40FB-8F74-D81BD78BDB77}"
EndProject
Project("{FAE04EC0-301F-11D3-BF4B-00C04F79EFBC}") = "DeskPod.Services", "DeskPod.Services\DeskPod.Services.csproj", "{1362EE92-5D31-4B2D-BFFD-DBFBF35C4EFE}"
EndProject
Project("{FAE04EC0-301F-11D3-BF4B-00C04F79EFBC}") = "Deskpod.Tests", "Deskpod.Tests\Deskpod.Tests.csproj", "{4595E491-E1C5-4DA1-8FD1-BC3752E22686}"
EndProject
Global
	GlobalSection(SolutionConfigurationPlatforms) = preSolution
		Debug|Any CPU = Debug|Any CPU
		Release|Any CPU = Release|Any CPU
	EndGlobalSection
	GlobalSection(ProjectConfigurationPlatforms) = postSolution
		{056FC7E1-2865-40FB-8F74-D81BD78BDB77}.Debug|Any CPU.ActiveCfg = Debug|Any CPU
		{056FC7E1-2865-40FB-8F74-D81BD78BDB77}.Debug|Any CPU.Build.0 = Debug|Any CPU
		{056FC7E1-2865-40FB-8F74-D81BD78BDB77}.Release|Any CPU.ActiveCfg = Release|Any CPU
		{056FC7E1-2865-40FB-8F74-D81BD78BDB77}.Release|Any CPU.Build.0 = Release|Any CPU
		{1362EE92-5D31-4B2D-BFFD-DBFBF35C4EFE}.Debug|Any CPU.ActiveCfg = Debug|Any CPU
		{1362EE92-5D31-4B2D-BFFD-DBFBF35C4EFE}.Debug|Any CPU.Build.0 = Debug|Any CPU
		{1362EE92-5D31-4B2D-BFFD-DBFBF35C4EFE}.Release|Any CPU.ActiveCfg = Release|Any CPU
		{1362EE92-5D31-4B2D-BFFD-DBFBF35C4EFE}.Release|Any CPU.Build.0 = Release|Any CPU
		{4595E491-E1C5-4DA1-8FD1-BC3752E22686}.Debug|Any CPU.ActiveCfg = Debug|Any CPU
		{4595E491-E1C5-4DA1-8FD1-BC3752E22686}.Debug|Any CPU.Build.0 = Debug|Any CPU
		{4595E491-E1C5-4DA1-8FD1-BC3752E22686}.Release|Any CPU.ActiveCfg = Release|Any CPU
		{4595E491-E1C5-4DA1-8FD1-BC3752E22686}.Release|Any CPU.Build.0 = Release|Any CPU
	EndGlobalSection
	GlobalSection(SolutionProperties) = preSolution
		HideSolutionNode = FALSE
	EndGlobalSection
EndGlobal
